
Microsoft Visual Studio Solution File, Format Version 12.00
# Visual Studio Version 17
VisualStudioVersion = 17.2.32616.157
MinimumVisualStudioVersion = 10.0.40219.1
Project("{2150E333-8FDC-42A3-9474-1A3956D46DE8}") = "src", "src", "{56726037-D9CD-495C-ABFA-3668EBA519EB}"
EndProject
Project("{2150E333-8FDC-42A3-9474-1A3956D46DE8}") = "test", "test", "{B5FF9D3D-D671-42D3-BF1D-0FA211EBE158}"
EndProject
Project("{2150E333-8FDC-42A3-9474-1A3956D46DE8}") = "API", "API", "{4A773747-8409-4297-A389-B27A30D3852B}"
EndProject
Project("{2150E333-8FDC-42A3-9474-1A3956D46DE8}") = "Core", "Core", "{1A2731C4-54E5-4EA5-B1AA-B11FECC897B9}"
EndProject
Project("{2150E333-8FDC-42A3-9474-1A3956D46DE8}") = "Infra", "Infra", "{5F23AC4F-1011-4266-8145-1877EC7B7B19}"
EndProject
Project("{9A19103F-16F7-4668-BE54-9A1E7A4F7556}") = "CPTM.GRD.Domain", "CPTM.GRD.Domain\CPTM.GRD.Domain.csproj", "{991F9674-E964-48EC-B128-070B40851BCA}"
EndProject
Project("{9A19103F-16F7-4668-BE54-9A1E7A4F7556}") = "CPTM.GRD.Application", "CPTM.GRD.Application\CPTM.GRD.Application.csproj", "{89D1BF9B-7B85-4094-A7D4-D786A2617C97}"
EndProject
Project("{2150E333-8FDC-42A3-9474-1A3956D46DE8}") = "Common", "Common", "{19C2DC5F-9711-4069-BD21-21299A677E1F}"
EndProject
Project("{9A19103F-16F7-4668-BE54-9A1E7A4F7556}") = "CPTM.GRD.Common", "CPTM.GRD.Common\CPTM.GRD.Common.csproj", "{B6116A5C-F135-44F4-BC36-DBD5BDC0F2CC}"
EndProject
Project("{9A19103F-16F7-4668-BE54-9A1E7A4F7556}") = "CPTM.GRD.Infrastructure", "CPTM.GRD.Infrastructure\CPTM.GRD.Infrastructure.csproj", "{610E986A-8C5C-46E9-A61F-01F9598E0580}"
EndProject
Project("{9A19103F-16F7-4668-BE54-9A1E7A4F7556}") = "CPTM.GRD.Persistence", "CPTM.GRD.Persistence\CPTM.GRD.Persistence.csproj", "{8D5A1BD5-1C64-4460-826A-8AB74D5568BD}"
EndProject
Project("{9A19103F-16F7-4668-BE54-9A1E7A4F7556}") = "CPTM.GRD.API", "CPTM.GRD.API\CPTM.GRD.API.csproj", "{A0FF9690-4711-40F4-9531-9EC4F51F6669}"
EndProject
Project("{9A19103F-16F7-4668-BE54-9A1E7A4F7556}") = "CPTM.GRD.Application.UnitTests", "CPTM.GRD.Application.Tests\CPTM.GRD.Application.UnitTests.csproj", "{19C507BE-4675-4C4B-BDD0-5A78EAAB8719}"
EndProject
Project("{FAE04EC0-301F-11D3-BF4B-00C04F79EFBC}") = "CPTM.GRD.APITests", "CPTM.GRD.APITests\CPTM.GRD.APITests.csproj", "{ADB2F052-58CC-4569-A30C-A3378A2DEAE6}"
EndProject
Global
	GlobalSection(SolutionConfigurationPlatforms) = preSolution
		Debug|Any CPU = Debug|Any CPU
		Release|Any CPU = Release|Any CPU
	EndGlobalSection
	GlobalSection(ProjectConfigurationPlatforms) = postSolution
		{991F9674-E964-48EC-B128-070B40851BCA}.Debug|Any CPU.ActiveCfg = Debug|Any CPU
		{991F9674-E964-48EC-B128-070B40851BCA}.Debug|Any CPU.Build.0 = Debug|Any CPU
		{991F9674-E964-48EC-B128-070B40851BCA}.Release|Any CPU.ActiveCfg = Release|Any CPU
		{991F9674-E964-48EC-B128-070B40851BCA}.Release|Any CPU.Build.0 = Release|Any CPU
		{89D1BF9B-7B85-4094-A7D4-D786A2617C97}.Debug|Any CPU.ActiveCfg = Debug|Any CPU
		{89D1BF9B-7B85-4094-A7D4-D786A2617C97}.Debug|Any CPU.Build.0 = Debug|Any CPU
		{89D1BF9B-7B85-4094-A7D4-D786A2617C97}.Release|Any CPU.ActiveCfg = Release|Any CPU
		{89D1BF9B-7B85-4094-A7D4-D786A2617C97}.Release|Any CPU.Build.0 = Release|Any CPU
		{B6116A5C-F135-44F4-BC36-DBD5BDC0F2CC}.Debug|Any CPU.ActiveCfg = Debug|Any CPU
		{B6116A5C-F135-44F4-BC36-DBD5BDC0F2CC}.Debug|Any CPU.Build.0 = Debug|Any CPU
		{B6116A5C-F135-44F4-BC36-DBD5BDC0F2CC}.Release|Any CPU.ActiveCfg = Release|Any CPU
		{B6116A5C-F135-44F4-BC36-DBD5BDC0F2CC}.Release|Any CPU.Build.0 = Release|Any CPU
		{610E986A-8C5C-46E9-A61F-01F9598E0580}.Debug|Any CPU.ActiveCfg = Debug|Any CPU
		{610E986A-8C5C-46E9-A61F-01F9598E0580}.Debug|Any CPU.Build.0 = Debug|Any CPU
		{610E986A-8C5C-46E9-A61F-01F9598E0580}.Release|Any CPU.ActiveCfg = Release|Any CPU
		{610E986A-8C5C-46E9-A61F-01F9598E0580}.Release|Any CPU.Build.0 = Release|Any CPU
		{8D5A1BD5-1C64-4460-826A-8AB74D5568BD}.Debug|Any CPU.ActiveCfg = Debug|Any CPU
		{8D5A1BD5-1C64-4460-826A-8AB74D5568BD}.Debug|Any CPU.Build.0 = Debug|Any CPU
		{8D5A1BD5-1C64-4460-826A-8AB74D5568BD}.Release|Any CPU.ActiveCfg = Release|Any CPU
		{8D5A1BD5-1C64-4460-826A-8AB74D5568BD}.Release|Any CPU.Build.0 = Release|Any CPU
		{A0FF9690-4711-40F4-9531-9EC4F51F6669}.Debug|Any CPU.ActiveCfg = Debug|Any CPU
		{A0FF9690-4711-40F4-9531-9EC4F51F6669}.Debug|Any CPU.Build.0 = Debug|Any CPU
		{A0FF9690-4711-40F4-9531-9EC4F51F6669}.Release|Any CPU.ActiveCfg = Release|Any CPU
		{A0FF9690-4711-40F4-9531-9EC4F51F6669}.Release|Any CPU.Build.0 = Release|Any CPU
		{19C507BE-4675-4C4B-BDD0-5A78EAAB8719}.Debug|Any CPU.ActiveCfg = Debug|Any CPU
		{19C507BE-4675-4C4B-BDD0-5A78EAAB8719}.Debug|Any CPU.Build.0 = Debug|Any CPU
		{19C507BE-4675-4C4B-BDD0-5A78EAAB8719}.Release|Any CPU.ActiveCfg = Release|Any CPU
		{19C507BE-4675-4C4B-BDD0-5A78EAAB8719}.Release|Any CPU.Build.0 = Release|Any CPU
		{ADB2F052-58CC-4569-A30C-A3378A2DEAE6}.Debug|Any CPU.ActiveCfg = Debug|Any CPU
		{ADB2F052-58CC-4569-A30C-A3378A2DEAE6}.Debug|Any CPU.Build.0 = Debug|Any CPU
		{ADB2F052-58CC-4569-A30C-A3378A2DEAE6}.Release|Any CPU.ActiveCfg = Release|Any CPU
		{ADB2F052-58CC-4569-A30C-A3378A2DEAE6}.Release|Any CPU.Build.0 = Release|Any CPU
	EndGlobalSection
	GlobalSection(SolutionProperties) = preSolution
		HideSolutionNode = FALSE
	EndGlobalSection
	GlobalSection(NestedProjects) = preSolution
		{4A773747-8409-4297-A389-B27A30D3852B} = {56726037-D9CD-495C-ABFA-3668EBA519EB}
		{1A2731C4-54E5-4EA5-B1AA-B11FECC897B9} = {56726037-D9CD-495C-ABFA-3668EBA519EB}
		{5F23AC4F-1011-4266-8145-1877EC7B7B19} = {56726037-D9CD-495C-ABFA-3668EBA519EB}
		{991F9674-E964-48EC-B128-070B40851BCA} = {1A2731C4-54E5-4EA5-B1AA-B11FECC897B9}
		{89D1BF9B-7B85-4094-A7D4-D786A2617C97} = {1A2731C4-54E5-4EA5-B1AA-B11FECC897B9}
		{19C2DC5F-9711-4069-BD21-21299A677E1F} = {56726037-D9CD-495C-ABFA-3668EBA519EB}
		{B6116A5C-F135-44F4-BC36-DBD5BDC0F2CC} = {19C2DC5F-9711-4069-BD21-21299A677E1F}
		{610E986A-8C5C-46E9-A61F-01F9598E0580} = {5F23AC4F-1011-4266-8145-1877EC7B7B19}
		{8D5A1BD5-1C64-4460-826A-8AB74D5568BD} = {5F23AC4F-1011-4266-8145-1877EC7B7B19}
		{A0FF9690-4711-40F4-9531-9EC4F51F6669} = {4A773747-8409-4297-A389-B27A30D3852B}
		{19C507BE-4675-4C4B-BDD0-5A78EAAB8719} = {B5FF9D3D-D671-42D3-BF1D-0FA211EBE158}
		{ADB2F052-58CC-4569-A30C-A3378A2DEAE6} = {B5FF9D3D-D671-42D3-BF1D-0FA211EBE158}
	EndGlobalSection
	GlobalSection(ExtensibilityGlobals) = postSolution
		SolutionGuid = {FBCE4506-DEF2-4EC0-A66A-5712F894A21B}
	EndGlobalSection
EndGlobal
